// !$*UTF8*$!
{
	archiveVersion = 1;
	classes = {
	};
	objectVersion = 48;
	objects = {

/* Begin PBXBuildFile section */
		11B75A6B4BA21E336BB5FE9D /* Pods_BaiDuNews.framework in Frameworks */ = {isa = PBXBuildFile; fileRef = C4E5FA40E073EF33EA5D4856 /* Pods_BaiDuNews.framework */; };
		3A6063D4201093340088D655 /* AppDelegate.swift in Sources */ = {isa = PBXBuildFile; fileRef = 3A6063D3201093340088D655 /* AppDelegate.swift */; };
		3A6063D6201093340088D655 /* ViewController.swift in Sources */ = {isa = PBXBuildFile; fileRef = 3A6063D5201093340088D655 /* ViewController.swift */; };
		3A6063D9201093340088D655 /* Main.storyboard in Resources */ = {isa = PBXBuildFile; fileRef = 3A6063D7201093340088D655 /* Main.storyboard */; };
		3A6063DB201093340088D655 /* Assets.xcassets in Resources */ = {isa = PBXBuildFile; fileRef = 3A6063DA201093340088D655 /* Assets.xcassets */; };
		3A6063DE201093340088D655 /* LaunchScreen.storyboard in Resources */ = {isa = PBXBuildFile; fileRef = 3A6063DC201093340088D655 /* LaunchScreen.storyboard */; };
/* End PBXBuildFile section */

/* Begin PBXFileReference section */
		170881F5CFA686DE82A37312 /* Pods-BaiDuNews.release.xcconfig */ = {isa = PBXFileReference; includeInIndex = 1; lastKnownFileType = text.xcconfig; name = "Pods-BaiDuNews.release.xcconfig"; path = "Pods/Target Support Files/Pods-BaiDuNews/Pods-BaiDuNews.release.xcconfig"; sourceTree = "<group>"; };
		21D46C4286B3980A9FE6A3CE /* Pods-BaiDuNews.debug.xcconfig */ = {isa = PBXFileReference; includeInIndex = 1; lastKnownFileType = text.xcconfig; name = "Pods-BaiDuNews.debug.xcconfig"; path = "Pods/Target Support Files/Pods-BaiDuNews/Pods-BaiDuNews.debug.xcconfig"; sourceTree = "<group>"; };
		3A6063D0201093340088D655 /* BaiDuNews.app */ = {isa = PBXFileReference; explicitFileType = wrapper.application; includeInIndex = 0; path = BaiDuNews.app; sourceTree = BUILT_PRODUCTS_DIR; };
		3A6063D3201093340088D655 /* AppDelegate.swift */ = {isa = PBXFileReference; lastKnownFileType = sourcecode.swift; path = AppDelegate.swift; sourceTree = "<group>"; };
		3A6063D5201093340088D655 /* ViewController.swift */ = {isa = PBXFileReference; lastKnownFileType = sourcecode.swift; path = ViewController.swift; sourceTree = "<group>"; };
		3A6063D8201093340088D655 /* Base */ = {isa = PBXFileReference; lastKnownFileType = file.storyboard; name = Base; path = Base.lproj/Main.storyboard; sourceTree = "<group>"; };
		3A6063DA201093340088D655 /* Assets.xcassets */ = {isa = PBXFileReference; lastKnownFileType = folder.assetcatalog; path = Assets.xcassets; sourceTree = "<group>"; };
		3A6063DD201093340088D655 /* Base */ = {isa = PBXFileReference; lastKnownFileType = file.storyboard; name = Base; path = Base.lproj/LaunchScreen.storyboard; sourceTree = "<group>"; };
		3A6063DF201093340088D655 /* Info.plist */ = {isa = PBXFileReference; lastKnownFileType = text.plist.xml; path = Info.plist; sourceTree = "<group>"; };
		C4E5FA40E073EF33EA5D4856 /* Pods_BaiDuNews.framework */ = {isa = PBXFileReference; explicitFileType = wrapper.framework; includeInIndex = 0; path = Pods_BaiDuNews.framework; sourceTree = BUILT_PRODUCTS_DIR; };
/* End PBXFileReference section */

/* Begin PBXFrameworksBuildPhase section */
		3A6063CD201093340088D655 /* Frameworks */ = {
			isa = PBXFrameworksBuildPhase;
			buildActionMask = 2147483647;
			files = (
				11B75A6B4BA21E336BB5FE9D /* Pods_BaiDuNews.framework in Frameworks */,
			);
			runOnlyForDeploymentPostprocessing = 0;
		};
/* End PBXFrameworksBuildPhase section */

/* Begin PBXGroup section */
		0F7825D5E47088298E618E53 /* Frameworks */ = {
			isa = PBXGroup;
			children = (
				C4E5FA40E073EF33EA5D4856 /* Pods_BaiDuNews.framework */,
			);
			name = Frameworks;
			sourceTree = "<group>";
		};
		3A6063C7201093340088D655 = {
			isa = PBXGroup;
			children = (
				3A6063D2201093340088D655 /* BaiDuNews */,
				3A6063D1201093340088D655 /* Products */,
				63D0F3FA4E0793C62A64BE86 /* Pods */,
				0F7825D5E47088298E618E53 /* Frameworks */,
			);
			sourceTree = "<group>";
		};
		3A6063D1201093340088D655 /* Products */ = {
			isa = PBXGroup;
			children = (
				3A6063D0201093340088D655 /* BaiDuNews.app */,
			);
			name = Products;
			sourceTree = "<group>";
		};
		3A6063D2201093340088D655 /* BaiDuNews */ = {
			isa = PBXGroup;
			children = (
				3A6063D3201093340088D655 /* AppDelegate.swift */,
				3A6063D5201093340088D655 /* ViewController.swift */,
				3A6063D7201093340088D655 /* Main.storyboard */,
				3A6063DA201093340088D655 /* Assets.xcassets */,
				3A6063DC201093340088D655 /* LaunchScreen.storyboard */,
				3A6063DF201093340088D655 /* Info.plist */,
			);
			path = BaiDuNews;
			sourceTree = "<group>";
		};
		63D0F3FA4E0793C62A64BE86 /* Pods */ = {
			isa = PBXGroup;
			children = (
				21D46C4286B3980A9FE6A3CE /* Pods-BaiDuNews.debug.xcconfig */,
				170881F5CFA686DE82A37312 /* Pods-BaiDuNews.release.xcconfig */,
			);
			name = Pods;
			sourceTree = "<group>";
		};
/* End PBXGroup section */

/* Begin PBXNativeTarget section */
		3A6063CF201093340088D655 /* BaiDuNews */ = {
			isa = PBXNativeTarget;
			buildConfigurationList = 3A6063E2201093340088D655 /* Build configuration list for PBXNativeTarget "BaiDuNews" */;
			buildPhases = (
				F27B333CB5944CB8D194F642 /* [CP] Check Pods Manifest.lock */,
				3A6063CC201093340088D655 /* Sources */,
				3A6063CD201093340088D655 /* Frameworks */,
				3A6063CE201093340088D655 /* Resources */,
				25083C76D016FD0E7A6F016A /* [CP] Embed Pods Frameworks */,
				748DA20E631A4F3DFF2CA9A2 /* [CP] Copy Pods Resources */,
			);
			buildRules = (
			);
			dependencies = (
			);
			name = BaiDuNews;
			productName = BaiDuNews;
			productReference = 3A6063D0201093340088D655 /* BaiDuNews.app */;
			productType = "com.apple.product-type.application";
		};
/* End PBXNativeTarget section */

/* Begin PBXProject section */
		3A6063C8201093340088D655 /* Project object */ = {
			isa = PBXProject;
			attributes = {
				LastSwiftUpdateCheck = 0910;
				LastUpgradeCheck = 0910;
				ORGANIZATIONNAME = "Zhangzhong Technology";
				TargetAttributes = {
					3A6063CF201093340088D655 = {
						CreatedOnToolsVersion = 9.1;
						ProvisioningStyle = Automatic;
					};
				};
			};
			buildConfigurationList = 3A6063CB201093340088D655 /* Build configuration list for PBXProject "BaiDuNews" */;
			compatibilityVersion = "Xcode 8.0";
			developmentRegion = en;
			hasScannedForEncodings = 0;
			knownRegions = (
				en,
				Base,
			);
			mainGroup = 3A6063C7201093340088D655;
			productRefGroup = 3A6063D1201093340088D655 /* Products */;
			projectDirPath = "";
			projectRoot = "";
			targets = (
				3A6063CF201093340088D655 /* BaiDuNews */,
			);
		};
/* End PBXProject section */

/* Begin PBXResourcesBuildPhase section */
		3A6063CE201093340088D655 /* Resources */ = {
			isa = PBXResourcesBuildPhase;
			buildActionMask = 2147483647;
			files = (
				3A6063DE201093340088D655 /* LaunchScreen.storyboard in Resources */,
				3A6063DB201093340088D655 /* Assets.xcassets in Resources */,
				3A6063D9201093340088D655 /* Main.storyboard in Resources */,
			);
			runOnlyForDeploymentPostprocessing = 0;
		};
/* End PBXResourcesBuildPhase section */

/* Begin PBXShellScriptBuildPhase section */
		25083C76D016FD0E7A6F016A /* [CP] Embed Pods Frameworks */ = {
			isa = PBXShellScriptBuildPhase;
			buildActionMask = 2147483647;
			files = (
			);
			inputPaths = (
				"${SRCROOT}/Pods/Target Support Files/Pods-BaiDuNews/Pods-BaiDuNews-frameworks.sh",
				"${BUILT_PRODUCTS_DIR}/Alamofire/Alamofire.framework",
				"${BUILT_PRODUCTS_DIR}/ImageScout/ImageScout.framework",
				"${BUILT_PRODUCTS_DIR}/SQLite.swift/SQLite.framework",
				"${BUILT_PRODUCTS_DIR}/SnapKit/SnapKit.framework",
				"${BUILT_PRODUCTS_DIR}/SwiftyJSON/SwiftyJSON.framework",
			);
			name = "[CP] Embed Pods Frameworks";
			outputPaths = (
				"${TARGET_BUILD_DIR}/${FRAMEWORKS_FOLDER_PATH}/Alamofire.framework",
				"${TARGET_BUILD_DIR}/${FRAMEWORKS_FOLDER_PATH}/ImageScout.framework",
				"${TARGET_BUILD_DIR}/${FRAMEWORKS_FOLDER_PATH}/SQLite.framework",
				"${TARGET_BUILD_DIR}/${FRAMEWORKS_FOLDER_PATH}/SnapKit.framework",
				"${TARGET_BUILD_DIR}/${FRAMEWORKS_FOLDER_PATH}/SwiftyJSON.framework",
			);
			runOnlyForDeploymentPostprocessing = 0;
			shellPath = /bin/sh;
			shellScript = "\"${SRCROOT}/Pods/Target Support Files/Pods-BaiDuNews/Pods-BaiDuNews-frameworks.sh\"\n";
			showEnvVarsInLog = 0;
		};
		748DA20E631A4F3DFF2CA9A2 /* [CP] Copy Pods Resources */ = {
			isa = PBXShellScriptBuildPhase;
			buildActionMask = 2147483647;
			files = (
			);
			inputPaths = (
			);
			name = "[CP] Copy Pods Resources";
			outputPaths = (
			);
			runOnlyForDeploymentPostprocessing = 0;
			shellPath = /bin/sh;
			shellScript = "\"${SRCROOT}/Pods/Target Support Files/Pods-BaiDuNews/Pods-BaiDuNews-resources.sh\"\n";
			showEnvVarsInLog = 0;
		};
		F27B333CB5944CB8D194F642 /* [CP] Check Pods Manifest.lock */ = {
			isa = PBXShellScriptBuildPhase;
			buildActionMask = 2147483647;
			files = (
			);
			inputPaths = (
				"${PODS_PODFILE_DIR_PATH}/Podfile.lock",
				"${PODS_ROOT}/Manifest.lock",
			);
			name = "[CP] Check Pods Manifest.lock";
			outputPaths = (
				"$(DERIVED_FILE_DIR)/Pods-BaiDuNews-checkManifestLockResult.txt",
			);
			runOnlyForDeploymentPostprocessing = 0;
			shellPath = /bin/sh;
			shellScript = "diff \"${PODS_PODFILE_DIR_PATH}/Podfile.lock\" \"${PODS_ROOT}/Manifest.lock\" > /dev/null\nif [ $? != 0 ] ; then\n    # print error to STDERR\n    echo \"error: The sandbox is not in sync with the Podfile.lock. Run 'pod install' or update your CocoaPods installation.\" >&2\n    exit 1\nfi\n# This output is used by Xcode 'outputs' to avoid re-running this script phase.\necho \"SUCCESS\" > \"${SCRIPT_OUTPUT_FILE_0}\"\n";
			showEnvVarsInLog = 0;
		};
/* End PBXShellScriptBuildPhase section */

/* Begin PBXSourcesBuildPhase section */
		3A6063CC201093340088D655 /* Sources */ = {
			isa = PBXSourcesBuildPhase;
			buildActionMask = 2147483647;
			files = (
				3A6063D6201093340088D655 /* ViewController.swift in Sources */,
				3A6063D4201093340088D655 /* AppDelegate.swift in Sources */,
			);
			runOnlyForDeploymentPostprocessing = 0;
		};
/* End PBXSourcesBuildPhase section */

/* Begin PBXVariantGroup section */
		3A6063D7201093340088D655 /* Main.storyboard */ = {
			isa = PBXVariantGroup;
			children = (
				3A6063D8201093340088D655 /* Base */,
			);
			name = Main.storyboard;
			sourceTree = "<group>";
		};
		3A6063DC201093340088D655 /* LaunchScreen.storyboard */ = {
			isa = PBXVariantGroup;
			children = (
				3A6063DD201093340088D655 /* Base */,
			);
			name = LaunchScreen.storyboard;
			sourceTree = "<group>";
		};
/* End PBXVariantGroup section */

/* Begin XCBuildConfiguration section */
		3A6063E0201093340088D655 /* Debug */ = {
			isa = XCBuildConfiguration;
			buildSettings = {
				ALWAYS_SEARCH_USER_PATHS = NO;
				CLANG_ANALYZER_NONNULL = YES;
				CLANG_ANALYZER_NUMBER_OBJECT_CONVERSION = YES_AGGRESSIVE;
				CLANG_CXX_LANGUAGE_STANDARD = "gnu++14";
				CLANG_CXX_LIBRARY = "libc++";
				CLANG_ENABLE_MODULES = YES;
				CLANG_ENABLE_OBJC_ARC = YES;
				CLANG_WARN_BLOCK_CAPTURE_AUTORELEASING = YES;
				CLANG_WARN_BOOL_CONVERSION = YES;
				CLANG_WARN_COMMA = YES;
				CLANG_WARN_CONSTANT_CONVERSION = YES;
				CLANG_WARN_DIRECT_OBJC_ISA_USAGE = YES_ERROR;
				CLANG_WARN_DOCUMENTATION_COMMENTS = YES;
				CLANG_WARN_EMPTY_BODY = YES;
				CLANG_WARN_ENUM_CONVERSION = YES;
				CLANG_WARN_INFINITE_RECURSION = YES;
				CLANG_WARN_INT_CONVERSION = YES;
				CLANG_WARN_NON_LITERAL_NULL_CONVERSION = YES;
				CLANG_WARN_OBJC_LITERAL_CONVERSION = YES;
				CLANG_WARN_OBJC_ROOT_CLASS = YES_ERROR;
				CLANG_WARN_RANGE_LOOP_ANALYSIS = YES;
				CLANG_WARN_STRICT_PROTOTYPES = YES;
				CLANG_WARN_SUSPICIOUS_MOVE = YES;
				CLANG_WARN_UNGUARDED_AVAILABILITY = YES_AGGRESSIVE;
				CLANG_WARN_UNREACHABLE_CODE = YES;
				CLANG_WARN__DUPLICATE_METHOD_MATCH = YES;
				CODE_SIGN_IDENTITY = "iPhone Developer";
				COPY_PHASE_STRIP = NO;
				DEBUG_INFORMATION_FORMAT = dwarf;
				ENABLE_STRICT_OBJC_MSGSEND = YES;
				ENABLE_TESTABILITY = YES;
				GCC_C_LANGUAGE_STANDARD = gnu11;
				GCC_DYNAMIC_NO_PIC = NO;
				GCC_NO_COMMON_BLOCKS = YES;
				GCC_OPTIMIZATION_LEVEL = 0;
				GCC_PREPROCESSOR_DEFINITIONS = (
					"DEBUG=1",
					"$(inherited)",
				);
				GCC_WARN_64_TO_32_BIT_CONVERSION = YES;
				GCC_WARN_ABOUT_RETURN_TYPE = YES_ERROR;
				GCC_WARN_UNDECLARED_SELECTOR = YES;
				GCC_WARN_UNINITIALIZED_AUTOS = YES_AGGRESSIVE;
				GCC_WARN_UNUSED_FUNCTION = YES;
				GCC_WARN_UNUSED_VARIABLE = YES;
				IPHONEOS_DEPLOYMENT_TARGET = 11.1;
				MTL_ENABLE_DEBUG_INFO = YES;
				ONLY_ACTIVE_ARCH = YES;
				SDKROOT = iphoneos;
				SWIFT_ACTIVE_COMPILATION_CONDITIONS = DEBUG;
				SWIFT_OPTIMIZATION_LEVEL = "-Onone";
			};
			name = Debug;
		};
		3A6063E1201093340088D655 /* Release */ = {
			isa = XCBuildConfiguration;
			buildSettings = {
				ALWAYS_SEARCH_USER_PATHS = NO;
				CLANG_ANALYZER_NONNULL = YES;
				CLANG_ANALYZER_NUMBER_OBJECT_CONVERSION = YES_AGGRESSIVE;
				CLANG_CXX_LANGUAGE_STANDARD = "gnu++14";
				CLANG_CXX_LIBRARY = "libc++";
				CLANG_ENABLE_MODULES = YES;
				CLANG_ENABLE_OBJC_ARC = YES;
				CLANG_WARN_BLOCK_CAPTURE_AUTORELEASING = YES;
				CLANG_WARN_BOOL_CONVERSION = YES;
				CLANG_WARN_COMMA = YES;
				CLANG_WARN_CONSTANT_CONVERSION = YES;
				CLANG_WARN_DIRECT_OBJC_ISA_USAGE = YES_ERROR;
				CLANG_WARN_DOCUMENTATION_COMMENTS = YES;
				CLANG_WARN_EMPTY_BODY = YES;
				CLANG_WARN_ENUM_CONVERSION = YES;
				CLANG_WARN_INFINITE_RECURSION = YES;
				CLANG_WARN_INT_CONVERSION = YES;
				CLANG_WARN_NON_LITERAL_NULL_CONVERSION = YES;
				CLANG_WARN_OBJC_LITERAL_CONVERSION = YES;
				CLANG_WARN_OBJC_ROOT_CLASS = YES_ERROR;
				CLANG_WARN_RANGE_LOOP_ANALYSIS = YES;
				CLANG_WARN_STRICT_PROTOTYPES = YES;
				CLANG_WARN_SUSPICIOUS_MOVE = YES;
				CLANG_WARN_UNGUARDED_AVAILABILITY = YES_AGGRESSIVE;
				CLANG_WARN_UNREACHABLE_CODE = YES;
				CLANG_WARN__DUPLICATE_METHOD_MATCH = YES;
				CODE_SIGN_IDENTITY = "iPhone Developer";
				COPY_PHASE_STRIP = NO;
				DEBUG_INFORMATION_FORMAT = "dwarf-with-dsym";
				ENABLE_NS_ASSERTIONS = NO;
				ENABLE_STRICT_OBJC_MSGSEND = YES;
				GCC_C_LANGUAGE_STANDARD = gnu11;
				GCC_NO_COMMON_BLOCKS = YES;
				GCC_WARN_64_TO_32_BIT_CONVERSION = YES;
				GCC_WARN_ABOUT_RETURN_TYPE = YES_ERROR;
				GCC_WARN_UNDECLARED_SELECTOR = YES;
				GCC_WARN_UNINITIALIZED_AUTOS = YES_AGGRESSIVE;
				GCC_WARN_UNUSED_FUNCTION = YES;
				GCC_WARN_UNUSED_VARIABLE = YES;
				IPHONEOS_DEPLOYMENT_TARGET = 11.1;
				MTL_ENABLE_DEBUG_INFO = NO;
				SDKROOT = iphoneos;
				SWIFT_OPTIMIZATION_LEVEL = "-Owholemodule";
				VALIDATE_PRODUCT = YES;
			};
			name = Release;
		};
		3A6063E3201093340088D655 /* Debug */ = {
			isa = XCBuildConfiguration;
			baseConfigurationReference = 21D46C4286B3980A9FE6A3CE /* Pods-BaiDuNews.debug.xcconfig */;
			buildSettings = {
				ASSETCATALOG_COMPILER_APPICON_NAME = AppIcon;
				CODE_SIGN_STYLE = Automatic;
				DEVELOPMENT_TEAM = FQDP754BLK;
				INFOPLIST_FILE = BaiDuNews/Info.plist;
				LD_RUNPATH_SEARCH_PATHS = "$(inherited) @executable_path/Frameworks";
				PRODUCT_BUNDLE_IDENTIFIER = com.zz.BaiDuNews;
				PRODUCT_NAME = "$(TARGET_NAME)";
				SWIFT_VERSION = 4.0;
				TARGETED_DEVICE_FAMILY = "1,2";
			};
			name = Debug;
		};
		3A6063E4201093340088D655 /* Release */ = {
			isa = XCBuildConfiguration;
			baseConfigurationReference = 170881F5CFA686DE82A37312 /* Pods-BaiDuNews.release.xcconfig */;
			buildSettings = {
				ASSETCATALOG_COMPILER_APPICON_NAME = AppIcon;
				CODE_SIGN_STYLE = Automatic;
				DEVELOPMENT_TEAM = FQDP754BLK;
				INFOPLIST_FILE = BaiDuNews/Info.plist;
				LD_RUNPATH_SEARCH_PATHS = "$(inherited) @executable_path/Frameworks";
				PRODUCT_BUNDLE_IDENTIFIER = com.zz.BaiDuNews;
				PRODUCT_NAME = "$(TARGET_NAME)";
				SWIFT_VERSION = 4.0;
				TARGETED_DEVICE_FAMILY = "1,2";
			};
			name = Release;
		};
/* End XCBuildConfiguration section */

/* Begin XCConfigurationList section */
		3A6063CB201093340088D655 /* Build configuration list for PBXProject "BaiDuNews" */ = {
			isa = XCConfigurationList;
			buildConfigurations = (
				3A6063E0201093340088D655 /* Debug */,
				3A6063E1201093340088D655 /* Release */,
			);
			defaultConfigurationIsVisible = 0;
			defaultConfigurationName = Release;
		};
		3A6063E2201093340088D655 /* Build configuration list for PBXNativeTarget "BaiDuNews" */ = {
			isa = XCConfigurationList;
			buildConfigurations = (
				3A6063E3201093340088D655 /* Debug */,
				3A6063E4201093340088D655 /* Release */,
			);
			defaultConfigurationIsVisible = 0;
			defaultConfigurationName = Release;
		};
/* End XCConfigurationList section */
	};
	rootObject = 3A6063C8201093340088D655 /* Project object */;
}
